
Microsoft Visual Studio Solution File, Format Version 12.00
# Visual Studio Version 17
VisualStudioVersion = 17.12.35527.113
MinimumVisualStudioVersion = 10.0.40219.1
Project("{FAE04EC0-301F-11D3-BF4B-00C04F79EFBC}") = "Domain", "Domain\Domain.csproj", "{5142F693-094E-4FB5-81FD-3E9649A11C57}"
EndProject
Project("{FAE04EC0-301F-11D3-BF4B-00C04F79EFBC}") = "Application", "Application\Application.csproj", "{995C1053-751F-4742-ACB3-2F91EDFA46F7}"
	ProjectSection(ProjectDependencies) = postProject
		{5142F693-094E-4FB5-81FD-3E9649A11C57} = {5142F693-094E-4FB5-81FD-3E9649A11C57}
	EndProjectSection
EndProject
Project("{FAE04EC0-301F-11D3-BF4B-00C04F79EFBC}") = "Web.API", "Web.API\Web.API.csproj", "{32C8ADD2-4634-4630-8A70-00E31600605E}"
	ProjectSection(ProjectDependencies) = postProject
		{3877C2C1-60D1-4B59-83DE-DCA470A3F187} = {3877C2C1-60D1-4B59-83DE-DCA470A3F187}
		{995C1053-751F-4742-ACB3-2F91EDFA46F7} = {995C1053-751F-4742-ACB3-2F91EDFA46F7}
	EndProjectSection
EndProject
Project("{FAE04EC0-301F-11D3-BF4B-00C04F79EFBC}") = "Infrastructure", "Infrastructure\Infrastructure.csproj", "{3877C2C1-60D1-4B59-83DE-DCA470A3F187}"
EndProject
Project("{2150E333-8FDC-42A3-9474-1A3956D46DE8}") = "tests", "tests", "{B9D604E0-3AC0-4854-80AC-EB34A2C908E8}"
EndProject
Project("{2150E333-8FDC-42A3-9474-1A3956D46DE8}") = "UnitTests", "UnitTests", "{65598EB7-2047-4158-AF46-493CC20DC96B}"
EndProject
Project("{2150E333-8FDC-42A3-9474-1A3956D46DE8}") = "IntegrationTests", "IntegrationTests", "{87D7DA0D-5350-4E2D-B966-05FC96380C6B}"
EndProject
Project("{2150E333-8FDC-42A3-9474-1A3956D46DE8}") = "src", "src", "{FF25C24C-B03C-4031-8C91-7123927231A0}"
EndProject
Project("{FAE04EC0-301F-11D3-BF4B-00C04F79EFBC}") = "Application.Customers.UnitTests", "Application.Customers.UnitTests\Application.Customers.UnitTests.csproj", "{F9DDA722-D8DC-4CDD-A43A-1B5622EE2FE4}"
EndProject
Global
	GlobalSection(SolutionConfigurationPlatforms) = preSolution
		Debug|Any CPU = Debug|Any CPU
		Release|Any CPU = Release|Any CPU
	EndGlobalSection
	GlobalSection(ProjectConfigurationPlatforms) = postSolution
		{5142F693-094E-4FB5-81FD-3E9649A11C57}.Debug|Any CPU.ActiveCfg = Debug|Any CPU
		{5142F693-094E-4FB5-81FD-3E9649A11C57}.Debug|Any CPU.Build.0 = Debug|Any CPU
		{5142F693-094E-4FB5-81FD-3E9649A11C57}.Release|Any CPU.ActiveCfg = Release|Any CPU
		{5142F693-094E-4FB5-81FD-3E9649A11C57}.Release|Any CPU.Build.0 = Release|Any CPU
		{995C1053-751F-4742-ACB3-2F91EDFA46F7}.Debug|Any CPU.ActiveCfg = Debug|Any CPU
		{995C1053-751F-4742-ACB3-2F91EDFA46F7}.Debug|Any CPU.Build.0 = Debug|Any CPU
		{995C1053-751F-4742-ACB3-2F91EDFA46F7}.Release|Any CPU.ActiveCfg = Release|Any CPU
		{995C1053-751F-4742-ACB3-2F91EDFA46F7}.Release|Any CPU.Build.0 = Release|Any CPU
		{32C8ADD2-4634-4630-8A70-00E31600605E}.Debug|Any CPU.ActiveCfg = Debug|Any CPU
		{32C8ADD2-4634-4630-8A70-00E31600605E}.Debug|Any CPU.Build.0 = Debug|Any CPU
		{32C8ADD2-4634-4630-8A70-00E31600605E}.Release|Any CPU.ActiveCfg = Release|Any CPU
		{32C8ADD2-4634-4630-8A70-00E31600605E}.Release|Any CPU.Build.0 = Release|Any CPU
		{3877C2C1-60D1-4B59-83DE-DCA470A3F187}.Debug|Any CPU.ActiveCfg = Debug|Any CPU
		{3877C2C1-60D1-4B59-83DE-DCA470A3F187}.Debug|Any CPU.Build.0 = Debug|Any CPU
		{3877C2C1-60D1-4B59-83DE-DCA470A3F187}.Release|Any CPU.ActiveCfg = Release|Any CPU
		{3877C2C1-60D1-4B59-83DE-DCA470A3F187}.Release|Any CPU.Build.0 = Release|Any CPU
		{F9DDA722-D8DC-4CDD-A43A-1B5622EE2FE4}.Debug|Any CPU.ActiveCfg = Debug|Any CPU
		{F9DDA722-D8DC-4CDD-A43A-1B5622EE2FE4}.Debug|Any CPU.Build.0 = Debug|Any CPU
		{F9DDA722-D8DC-4CDD-A43A-1B5622EE2FE4}.Release|Any CPU.ActiveCfg = Release|Any CPU
		{F9DDA722-D8DC-4CDD-A43A-1B5622EE2FE4}.Release|Any CPU.Build.0 = Release|Any CPU
	EndGlobalSection
	GlobalSection(SolutionProperties) = preSolution
		HideSolutionNode = FALSE
	EndGlobalSection
	GlobalSection(NestedProjects) = preSolution
		{5142F693-094E-4FB5-81FD-3E9649A11C57} = {FF25C24C-B03C-4031-8C91-7123927231A0}
		{995C1053-751F-4742-ACB3-2F91EDFA46F7} = {FF25C24C-B03C-4031-8C91-7123927231A0}
		{32C8ADD2-4634-4630-8A70-00E31600605E} = {FF25C24C-B03C-4031-8C91-7123927231A0}
		{3877C2C1-60D1-4B59-83DE-DCA470A3F187} = {FF25C24C-B03C-4031-8C91-7123927231A0}
		{65598EB7-2047-4158-AF46-493CC20DC96B} = {B9D604E0-3AC0-4854-80AC-EB34A2C908E8}
		{87D7DA0D-5350-4E2D-B966-05FC96380C6B} = {B9D604E0-3AC0-4854-80AC-EB34A2C908E8}
		{F9DDA722-D8DC-4CDD-A43A-1B5622EE2FE4} = {65598EB7-2047-4158-AF46-493CC20DC96B}
	EndGlobalSection
EndGlobal
